// !$*UTF8*$!
{
	archiveVersion = 1;
	classes = {
	};
	objectVersion = 50;
	objects = {

/* Begin PBXBuildFile section */
		4E15F1F1E63101AD4FAEB61D /* libPods-Tamkeen App.a in Frameworks */ = {isa = PBXBuildFile; fileRef = 4E5D989B92A8FA5E5C4E9F1B /* libPods-Tamkeen App.a */; };
		F537518E2111FE2600FDAFC7 /* AppDelegate.m in Sources */ = {isa = PBXBuildFile; fileRef = F537518D2111FE2600FDAFC7 /* AppDelegate.m */; };
		F53751912111FE2600FDAFC7 /* ViewController.m in Sources */ = {isa = PBXBuildFile; fileRef = F53751902111FE2600FDAFC7 /* ViewController.m */; };
		F53751942111FE2600FDAFC7 /* Main.storyboard in Resources */ = {isa = PBXBuildFile; fileRef = F53751922111FE2600FDAFC7 /* Main.storyboard */; };
		F53751962111FE2700FDAFC7 /* Assets.xcassets in Resources */ = {isa = PBXBuildFile; fileRef = F53751952111FE2700FDAFC7 /* Assets.xcassets */; };
		F53751992111FE2700FDAFC7 /* LaunchScreen.storyboard in Resources */ = {isa = PBXBuildFile; fileRef = F53751972111FE2700FDAFC7 /* LaunchScreen.storyboard */; };
		F537519C2111FE2700FDAFC7 /* main.m in Sources */ = {isa = PBXBuildFile; fileRef = F537519B2111FE2700FDAFC7 /* main.m */; };
		F53751A62111FE2700FDAFC7 /* Tamkeen_AppTests.m in Sources */ = {isa = PBXBuildFile; fileRef = F53751A52111FE2700FDAFC7 /* Tamkeen_AppTests.m */; };
		F53751B12111FE2700FDAFC7 /* Tamkeen_AppUITests.m in Sources */ = {isa = PBXBuildFile; fileRef = F53751B02111FE2700FDAFC7 /* Tamkeen_AppUITests.m */; };
		F53751C22111FFEA00FDAFC7 /* LangCell.m in Sources */ = {isa = PBXBuildFile; fileRef = F53751C12111FFEA00FDAFC7 /* LangCell.m */; };
		F53751C62112006E00FDAFC7 /* Reservation.m in Sources */ = {isa = PBXBuildFile; fileRef = F53751C52112006E00FDAFC7 /* Reservation.m */; };
		F53751C921122D9200FDAFC7 /* loginPage.m in Sources */ = {isa = PBXBuildFile; fileRef = F53751C821122D9200FDAFC7 /* loginPage.m */; };
		F53751CC211233F300FDAFC7 /* CreateNewAccount.m in Sources */ = {isa = PBXBuildFile; fileRef = F53751CB211233F300FDAFC7 /* CreateNewAccount.m */; };
		F53751CF21127E5700FDAFC7 /* buttonCell.m in Sources */ = {isa = PBXBuildFile; fileRef = F53751CE21127E5700FDAFC7 /* buttonCell.m */; };
		F55D00A22113222B00E10B25 /* TripVIew.m in Sources */ = {isa = PBXBuildFile; fileRef = F55D00A12113222B00E10B25 /* TripVIew.m */; };
		F55D00A421132C6200E10B25 /* CoreLocation.framework in Frameworks */ = {isa = PBXBuildFile; fileRef = F55D00A321132C6200E10B25 /* CoreLocation.framework */; };
		F55D00A72113703500E10B25 /* PaymentPage.m in Sources */ = {isa = PBXBuildFile; fileRef = F55D00A62113703500E10B25 /* PaymentPage.m */; };
/* End PBXBuildFile section */

/* Begin PBXContainerItemProxy section */
		F53751A22111FE2700FDAFC7 /* PBXContainerItemProxy */ = {
			isa = PBXContainerItemProxy;
			containerPortal = F53751812111FE2500FDAFC7 /* Project object */;
			proxyType = 1;
			remoteGlobalIDString = F53751882111FE2600FDAFC7;
			remoteInfo = "Tamkeen App";
		};
		F53751AD2111FE2700FDAFC7 /* PBXContainerItemProxy */ = {
			isa = PBXContainerItemProxy;
			containerPortal = F53751812111FE2500FDAFC7 /* Project object */;
			proxyType = 1;
			remoteGlobalIDString = F53751882111FE2600FDAFC7;
			remoteInfo = "Tamkeen App";
		};
/* End PBXContainerItemProxy section */

/* Begin PBXFileReference section */
		4E5D989B92A8FA5E5C4E9F1B /* libPods-Tamkeen App.a */ = {isa = PBXFileReference; explicitFileType = archive.ar; includeInIndex = 0; path = "libPods-Tamkeen App.a"; sourceTree = BUILT_PRODUCTS_DIR; };
		535F53006B2F9257B721F310 /* Pods-Tamkeen App.debug.xcconfig */ = {isa = PBXFileReference; includeInIndex = 1; lastKnownFileType = text.xcconfig; name = "Pods-Tamkeen App.debug.xcconfig"; path = "Pods/Target Support Files/Pods-Tamkeen App/Pods-Tamkeen App.debug.xcconfig"; sourceTree = "<group>"; };
		BD1ED00B5698D581CBDDDB2D /* Pods-Tamkeen App.release.xcconfig */ = {isa = PBXFileReference; includeInIndex = 1; lastKnownFileType = text.xcconfig; name = "Pods-Tamkeen App.release.xcconfig"; path = "Pods/Target Support Files/Pods-Tamkeen App/Pods-Tamkeen App.release.xcconfig"; sourceTree = "<group>"; };
		F53751892111FE2600FDAFC7 /* Tamkeen App.app */ = {isa = PBXFileReference; explicitFileType = wrapper.application; includeInIndex = 0; path = "Tamkeen App.app"; sourceTree = BUILT_PRODUCTS_DIR; };
		F537518C2111FE2600FDAFC7 /* AppDelegate.h */ = {isa = PBXFileReference; lastKnownFileType = sourcecode.c.h; path = AppDelegate.h; sourceTree = "<group>"; };
		F537518D2111FE2600FDAFC7 /* AppDelegate.m */ = {isa = PBXFileReference; lastKnownFileType = sourcecode.c.objc; path = AppDelegate.m; sourceTree = "<group>"; };
		F537518F2111FE2600FDAFC7 /* ViewController.h */ = {isa = PBXFileReference; lastKnownFileType = sourcecode.c.h; path = ViewController.h; sourceTree = "<group>"; };
		F53751902111FE2600FDAFC7 /* ViewController.m */ = {isa = PBXFileReference; lastKnownFileType = sourcecode.c.objc; path = ViewController.m; sourceTree = "<group>"; };
		F53751932111FE2600FDAFC7 /* Base */ = {isa = PBXFileReference; lastKnownFileType = file.storyboard; name = Base; path = Base.lproj/Main.storyboard; sourceTree = "<group>"; };
		F53751952111FE2700FDAFC7 /* Assets.xcassets */ = {isa = PBXFileReference; lastKnownFileType = folder.assetcatalog; path = Assets.xcassets; sourceTree = "<group>"; };
		F53751982111FE2700FDAFC7 /* Base */ = {isa = PBXFileReference; lastKnownFileType = file.storyboard; name = Base; path = Base.lproj/LaunchScreen.storyboard; sourceTree = "<group>"; };
		F537519A2111FE2700FDAFC7 /* Info.plist */ = {isa = PBXFileReference; lastKnownFileType = text.plist.xml; path = Info.plist; sourceTree = "<group>"; };
		F537519B2111FE2700FDAFC7 /* main.m */ = {isa = PBXFileReference; lastKnownFileType = sourcecode.c.objc; path = main.m; sourceTree = "<group>"; };
		F53751A12111FE2700FDAFC7 /* Tamkeen AppTests.xctest */ = {isa = PBXFileReference; explicitFileType = wrapper.cfbundle; includeInIndex = 0; path = "Tamkeen AppTests.xctest"; sourceTree = BUILT_PRODUCTS_DIR; };
		F53751A52111FE2700FDAFC7 /* Tamkeen_AppTests.m */ = {isa = PBXFileReference; lastKnownFileType = sourcecode.c.objc; path = Tamkeen_AppTests.m; sourceTree = "<group>"; };
		F53751A72111FE2700FDAFC7 /* Info.plist */ = {isa = PBXFileReference; lastKnownFileType = text.plist.xml; path = Info.plist; sourceTree = "<group>"; };
		F53751AC2111FE2700FDAFC7 /* Tamkeen AppUITests.xctest */ = {isa = PBXFileReference; explicitFileType = wrapper.cfbundle; includeInIndex = 0; path = "Tamkeen AppUITests.xctest"; sourceTree = BUILT_PRODUCTS_DIR; };
		F53751B02111FE2700FDAFC7 /* Tamkeen_AppUITests.m */ = {isa = PBXFileReference; lastKnownFileType = sourcecode.c.objc; path = Tamkeen_AppUITests.m; sourceTree = "<group>"; };
		F53751B22111FE2700FDAFC7 /* Info.plist */ = {isa = PBXFileReference; lastKnownFileType = text.plist.xml; path = Info.plist; sourceTree = "<group>"; };
		F53751C02111FFEA00FDAFC7 /* LangCell.h */ = {isa = PBXFileReference; lastKnownFileType = sourcecode.c.h; path = LangCell.h; sourceTree = "<group>"; };
		F53751C12111FFEA00FDAFC7 /* LangCell.m */ = {isa = PBXFileReference; lastKnownFileType = sourcecode.c.objc; path = LangCell.m; sourceTree = "<group>"; };
		F53751C42112006E00FDAFC7 /* Reservation.h */ = {isa = PBXFileReference; lastKnownFileType = sourcecode.c.h; path = Reservation.h; sourceTree = "<group>"; };
		F53751C52112006E00FDAFC7 /* Reservation.m */ = {isa = PBXFileReference; lastKnownFileType = sourcecode.c.objc; path = Reservation.m; sourceTree = "<group>"; };
		F53751C721122D9200FDAFC7 /* loginPage.h */ = {isa = PBXFileReference; lastKnownFileType = sourcecode.c.h; path = loginPage.h; sourceTree = "<group>"; };
		F53751C821122D9200FDAFC7 /* loginPage.m */ = {isa = PBXFileReference; lastKnownFileType = sourcecode.c.objc; path = loginPage.m; sourceTree = "<group>"; };
		F53751CA211233F300FDAFC7 /* CreateNewAccount.h */ = {isa = PBXFileReference; lastKnownFileType = sourcecode.c.h; path = CreateNewAccount.h; sourceTree = "<group>"; };
		F53751CB211233F300FDAFC7 /* CreateNewAccount.m */ = {isa = PBXFileReference; lastKnownFileType = sourcecode.c.objc; path = CreateNewAccount.m; sourceTree = "<group>"; };
		F53751CD21127E5700FDAFC7 /* buttonCell.h */ = {isa = PBXFileReference; lastKnownFileType = sourcecode.c.h; path = buttonCell.h; sourceTree = "<group>"; };
		F53751CE21127E5700FDAFC7 /* buttonCell.m */ = {isa = PBXFileReference; lastKnownFileType = sourcecode.c.objc; path = buttonCell.m; sourceTree = "<group>"; };
		F55D00A02113222B00E10B25 /* TripVIew.h */ = {isa = PBXFileReference; lastKnownFileType = sourcecode.c.h; path = TripVIew.h; sourceTree = "<group>"; };
		F55D00A12113222B00E10B25 /* TripVIew.m */ = {isa = PBXFileReference; lastKnownFileType = sourcecode.c.objc; path = TripVIew.m; sourceTree = "<group>"; };
		F55D00A321132C6200E10B25 /* CoreLocation.framework */ = {isa = PBXFileReference; lastKnownFileType = wrapper.framework; name = CoreLocation.framework; path = System/Library/Frameworks/CoreLocation.framework; sourceTree = SDKROOT; };
		F55D00A52113703500E10B25 /* PaymentPage.h */ = {isa = PBXFileReference; lastKnownFileType = sourcecode.c.h; path = PaymentPage.h; sourceTree = "<group>"; };
		F55D00A62113703500E10B25 /* PaymentPage.m */ = {isa = PBXFileReference; lastKnownFileType = sourcecode.c.objc; path = PaymentPage.m; sourceTree = "<group>"; };
/* End PBXFileReference section */

/* Begin PBXFrameworksBuildPhase section */
		F53751862111FE2600FDAFC7 /* Frameworks */ = {
			isa = PBXFrameworksBuildPhase;
			buildActionMask = 2147483647;
			files = (
				F55D00A421132C6200E10B25 /* CoreLocation.framework in Frameworks */,
				4E15F1F1E63101AD4FAEB61D /* libPods-Tamkeen App.a in Frameworks */,
			);
			runOnlyForDeploymentPostprocessing = 0;
		};
		F537519E2111FE2700FDAFC7 /* Frameworks */ = {
			isa = PBXFrameworksBuildPhase;
			buildActionMask = 2147483647;
			files = (
			);
			runOnlyForDeploymentPostprocessing = 0;
		};
		F53751A92111FE2700FDAFC7 /* Frameworks */ = {
			isa = PBXFrameworksBuildPhase;
			buildActionMask = 2147483647;
			files = (
			);
			runOnlyForDeploymentPostprocessing = 0;
		};
/* End PBXFrameworksBuildPhase section */

/* Begin PBXGroup section */
		81214C02D41CF516B7EAA5B6 /* Pods */ = {
			isa = PBXGroup;
			children = (
				535F53006B2F9257B721F310 /* Pods-Tamkeen App.debug.xcconfig */,
				BD1ED00B5698D581CBDDDB2D /* Pods-Tamkeen App.release.xcconfig */,
			);
			name = Pods;
			sourceTree = "<group>";
		};
		DA3AF8538308D302B91B23A8 /* Frameworks */ = {
			isa = PBXGroup;
			children = (
				F55D00A321132C6200E10B25 /* CoreLocation.framework */,
				4E5D989B92A8FA5E5C4E9F1B /* libPods-Tamkeen App.a */,
			);
			name = Frameworks;
			sourceTree = "<group>";
		};
		F53751802111FE2500FDAFC7 = {
			isa = PBXGroup;
			children = (
				F537518B2111FE2600FDAFC7 /* Tamkeen App */,
				F53751A42111FE2700FDAFC7 /* Tamkeen AppTests */,
				F53751AF2111FE2700FDAFC7 /* Tamkeen AppUITests */,
				F537518A2111FE2600FDAFC7 /* Products */,
				81214C02D41CF516B7EAA5B6 /* Pods */,
				DA3AF8538308D302B91B23A8 /* Frameworks */,
			);
			sourceTree = "<group>";
		};
		F537518A2111FE2600FDAFC7 /* Products */ = {
			isa = PBXGroup;
			children = (
				F53751892111FE2600FDAFC7 /* Tamkeen App.app */,
				F53751A12111FE2700FDAFC7 /* Tamkeen AppTests.xctest */,
				F53751AC2111FE2700FDAFC7 /* Tamkeen AppUITests.xctest */,
			);
			name = Products;
			sourceTree = "<group>";
		};
		F537518B2111FE2600FDAFC7 /* Tamkeen App */ = {
			isa = PBXGroup;
			children = (
				F53751BF2111FFD300FDAFC7 /* Cells */,
				F53751BE2111FFC700FDAFC7 /* Viewas */,
				F537518C2111FE2600FDAFC7 /* AppDelegate.h */,
				F537518D2111FE2600FDAFC7 /* AppDelegate.m */,
				F537518F2111FE2600FDAFC7 /* ViewController.h */,
				F53751902111FE2600FDAFC7 /* ViewController.m */,
				F53751922111FE2600FDAFC7 /* Main.storyboard */,
				F53751952111FE2700FDAFC7 /* Assets.xcassets */,
				F53751972111FE2700FDAFC7 /* LaunchScreen.storyboard */,
				F537519A2111FE2700FDAFC7 /* Info.plist */,
				F537519B2111FE2700FDAFC7 /* main.m */,
			);
			path = "Tamkeen App";
			sourceTree = "<group>";
		};
		F53751A42111FE2700FDAFC7 /* Tamkeen AppTests */ = {
			isa = PBXGroup;
			children = (
				F53751A52111FE2700FDAFC7 /* Tamkeen_AppTests.m */,
				F53751A72111FE2700FDAFC7 /* Info.plist */,
			);
			path = "Tamkeen AppTests";
			sourceTree = "<group>";
		};
		F53751AF2111FE2700FDAFC7 /* Tamkeen AppUITests */ = {
			isa = PBXGroup;
			children = (
				F53751B02111FE2700FDAFC7 /* Tamkeen_AppUITests.m */,
				F53751B22111FE2700FDAFC7 /* Info.plist */,
			);
			path = "Tamkeen AppUITests";
			sourceTree = "<group>";
		};
		F53751BE2111FFC700FDAFC7 /* Viewas */ = {
			isa = PBXGroup;
			children = (
				F53751C42112006E00FDAFC7 /* Reservation.h */,
				F53751C52112006E00FDAFC7 /* Reservation.m */,
				F53751C721122D9200FDAFC7 /* loginPage.h */,
				F53751C821122D9200FDAFC7 /* loginPage.m */,
				F53751CA211233F300FDAFC7 /* CreateNewAccount.h */,
				F53751CB211233F300FDAFC7 /* CreateNewAccount.m */,
				F55D00A02113222B00E10B25 /* TripVIew.h */,
				F55D00A12113222B00E10B25 /* TripVIew.m */,
				F55D00A52113703500E10B25 /* PaymentPage.h */,
				F55D00A62113703500E10B25 /* PaymentPage.m */,
			);
			path = Viewas;
			sourceTree = "<group>";
		};
		F53751BF2111FFD300FDAFC7 /* Cells */ = {
			isa = PBXGroup;
			children = (
				F53751C02111FFEA00FDAFC7 /* LangCell.h */,
				F53751C12111FFEA00FDAFC7 /* LangCell.m */,
				F53751CD21127E5700FDAFC7 /* buttonCell.h */,
				F53751CE21127E5700FDAFC7 /* buttonCell.m */,
			);
			path = Cells;
			sourceTree = "<group>";
		};
/* End PBXGroup section */

/* Begin PBXNativeTarget section */
		F53751882111FE2600FDAFC7 /* Tamkeen App */ = {
			isa = PBXNativeTarget;
			buildConfigurationList = F53751B52111FE2700FDAFC7 /* Build configuration list for PBXNativeTarget "Tamkeen App" */;
			buildPhases = (
				49F4DEC8EE97D73AC8C8906C /* [CP] Check Pods Manifest.lock */,
				F53751852111FE2600FDAFC7 /* Sources */,
				F53751862111FE2600FDAFC7 /* Frameworks */,
				F53751872111FE2600FDAFC7 /* Resources */,
				4D76C66AE94E719739941ECD /* [CP] Copy Pods Resources */,
			);
			buildRules = (
			);
			dependencies = (
			);
			name = "Tamkeen App";
			productName = "Tamkeen App";
			productReference = F53751892111FE2600FDAFC7 /* Tamkeen App.app */;
			productType = "com.apple.product-type.application";
		};
		F53751A02111FE2700FDAFC7 /* Tamkeen AppTests */ = {
			isa = PBXNativeTarget;
			buildConfigurationList = F53751B82111FE2700FDAFC7 /* Build configuration list for PBXNativeTarget "Tamkeen AppTests" */;
			buildPhases = (
				F537519D2111FE2700FDAFC7 /* Sources */,
				F537519E2111FE2700FDAFC7 /* Frameworks */,
				F537519F2111FE2700FDAFC7 /* Resources */,
			);
			buildRules = (
			);
			dependencies = (
				F53751A32111FE2700FDAFC7 /* PBXTargetDependency */,
			);
			name = "Tamkeen AppTests";
			productName = "Tamkeen AppTests";
			productReference = F53751A12111FE2700FDAFC7 /* Tamkeen AppTests.xctest */;
			productType = "com.apple.product-type.bundle.unit-test";
		};
		F53751AB2111FE2700FDAFC7 /* Tamkeen AppUITests */ = {
			isa = PBXNativeTarget;
			buildConfigurationList = F53751BB2111FE2700FDAFC7 /* Build configuration list for PBXNativeTarget "Tamkeen AppUITests" */;
			buildPhases = (
				F53751A82111FE2700FDAFC7 /* Sources */,
				F53751A92111FE2700FDAFC7 /* Frameworks */,
				F53751AA2111FE2700FDAFC7 /* Resources */,
			);
			buildRules = (
			);
			dependencies = (
				F53751AE2111FE2700FDAFC7 /* PBXTargetDependency */,
			);
			name = "Tamkeen AppUITests";
			productName = "Tamkeen AppUITests";
			productReference = F53751AC2111FE2700FDAFC7 /* Tamkeen AppUITests.xctest */;
			productType = "com.apple.product-type.bundle.ui-testing";
		};
/* End PBXNativeTarget section */

/* Begin PBXProject section */
		F53751812111FE2500FDAFC7 /* Project object */ = {
			isa = PBXProject;
			attributes = {
				LastUpgradeCheck = 0940;
				ORGANIZATIONNAME = "Yazeed ALZahrani";
				TargetAttributes = {
					F53751882111FE2600FDAFC7 = {
						CreatedOnToolsVersion = 9.4;
					};
					F53751A02111FE2700FDAFC7 = {
						CreatedOnToolsVersion = 9.4;
						TestTargetID = F53751882111FE2600FDAFC7;
					};
					F53751AB2111FE2700FDAFC7 = {
						CreatedOnToolsVersion = 9.4;
						TestTargetID = F53751882111FE2600FDAFC7;
					};
				};
			};
			buildConfigurationList = F53751842111FE2500FDAFC7 /* Build configuration list for PBXProject "Makkyah" */;
			compatibilityVersion = "Xcode 9.3";
			developmentRegion = en;
			hasScannedForEncodings = 0;
			knownRegions = (
				en,
				Base,
			);
			mainGroup = F53751802111FE2500FDAFC7;
			productRefGroup = F537518A2111FE2600FDAFC7 /* Products */;
			projectDirPath = "";
			projectRoot = "";
			targets = (
				F53751882111FE2600FDAFC7 /* Tamkeen App */,
				F53751A02111FE2700FDAFC7 /* Tamkeen AppTests */,
				F53751AB2111FE2700FDAFC7 /* Tamkeen AppUITests */,
			);
		};
/* End PBXProject section */

/* Begin PBXResourcesBuildPhase section */
		F53751872111FE2600FDAFC7 /* Resources */ = {
			isa = PBXResourcesBuildPhase;
			buildActionMask = 2147483647;
			files = (
				F53751992111FE2700FDAFC7 /* LaunchScreen.storyboard in Resources */,
				F53751962111FE2700FDAFC7 /* Assets.xcassets in Resources */,
				F53751942111FE2600FDAFC7 /* Main.storyboard in Resources */,
			);
			runOnlyForDeploymentPostprocessing = 0;
		};
		F537519F2111FE2700FDAFC7 /* Resources */ = {
			isa = PBXResourcesBuildPhase;
			buildActionMask = 2147483647;
			files = (
			);
			runOnlyForDeploymentPostprocessing = 0;
		};
		F53751AA2111FE2700FDAFC7 /* Resources */ = {
			isa = PBXResourcesBuildPhase;
			buildActionMask = 2147483647;
			files = (
			);
			runOnlyForDeploymentPostprocessing = 0;
		};
/* End PBXResourcesBuildPhase section */

/* Begin PBXShellScriptBuildPhase section */
		49F4DEC8EE97D73AC8C8906C /* [CP] Check Pods Manifest.lock */ = {
			isa = PBXShellScriptBuildPhase;
			buildActionMask = 2147483647;
			files = (
			);
			inputPaths = (
				"${PODS_PODFILE_DIR_PATH}/Podfile.lock",
				"${PODS_ROOT}/Manifest.lock",
			);
			name = "[CP] Check Pods Manifest.lock";
			outputPaths = (
				"$(DERIVED_FILE_DIR)/Pods-Tamkeen App-checkManifestLockResult.txt",
			);
			runOnlyForDeploymentPostprocessing = 0;
			shellPath = /bin/sh;
			shellScript = "diff \"${PODS_PODFILE_DIR_PATH}/Podfile.lock\" \"${PODS_ROOT}/Manifest.lock\" > /dev/null\nif [ $? != 0 ] ; then\n    # print error to STDERR\n    echo \"error: The sandbox is not in sync with the Podfile.lock. Run 'pod install' or update your CocoaPods installation.\" >&2\n    exit 1\nfi\n# This output is used by Xcode 'outputs' to avoid re-running this script phase.\necho \"SUCCESS\" > \"${SCRIPT_OUTPUT_FILE_0}\"\n";
			showEnvVarsInLog = 0;
		};
		4D76C66AE94E719739941ECD /* [CP] Copy Pods Resources */ = {
			isa = PBXShellScriptBuildPhase;
			buildActionMask = 2147483647;
			files = (
			);
			inputPaths = (
				"${SRCROOT}/Pods/Target Support Files/Pods-Tamkeen App/Pods-Tamkeen App-resources.sh",
				"${PODS_ROOT}/GoogleMaps/Maps/Frameworks/GoogleMaps.framework/Resources/GoogleMaps.bundle",
				"${PODS_ROOT}/GooglePlaces/Frameworks/GooglePlaces.framework/Resources/GooglePlaces.bundle",
				"${PODS_CONFIGURATION_BUILD_DIR}/Parse/Parse.bundle",
			);
			name = "[CP] Copy Pods Resources";
			outputPaths = (
				"${TARGET_BUILD_DIR}/${UNLOCALIZED_RESOURCES_FOLDER_PATH}/GoogleMaps.bundle",
				"${TARGET_BUILD_DIR}/${UNLOCALIZED_RESOURCES_FOLDER_PATH}/GooglePlaces.bundle",
				"${TARGET_BUILD_DIR}/${UNLOCALIZED_RESOURCES_FOLDER_PATH}/Parse.bundle",
			);
			runOnlyForDeploymentPostprocessing = 0;
			shellPath = /bin/sh;
			shellScript = "\"${SRCROOT}/Pods/Target Support Files/Pods-Tamkeen App/Pods-Tamkeen App-resources.sh\"\n";
			showEnvVarsInLog = 0;
		};
/* End PBXShellScriptBuildPhase section */

/* Begin PBXSourcesBuildPhase section */
		F53751852111FE2600FDAFC7 /* Sources */ = {
			isa = PBXSourcesBuildPhase;
			buildActionMask = 2147483647;
			files = (
				F53751912111FE2600FDAFC7 /* ViewController.m in Sources */,
				F55D00A72113703500E10B25 /* PaymentPage.m in Sources */,
				F55D00A22113222B00E10B25 /* TripVIew.m in Sources */,
				F53751C62112006E00FDAFC7 /* Reservation.m in Sources */,
				F537519C2111FE2700FDAFC7 /* main.m in Sources */,
				F53751CF21127E5700FDAFC7 /* buttonCell.m in Sources */,
				F537518E2111FE2600FDAFC7 /* AppDelegate.m in Sources */,
				F53751C921122D9200FDAFC7 /* loginPage.m in Sources */,
				F53751CC211233F300FDAFC7 /* CreateNewAccount.m in Sources */,
				F53751C22111FFEA00FDAFC7 /* LangCell.m in Sources */,
			);
			runOnlyForDeploymentPostprocessing = 0;
		};
		F537519D2111FE2700FDAFC7 /* Sources */ = {
			isa = PBXSourcesBuildPhase;
			buildActionMask = 2147483647;
			files = (
				F53751A62111FE2700FDAFC7 /* Tamkeen_AppTests.m in Sources */,
			);
			runOnlyForDeploymentPostprocessing = 0;
		};
		F53751A82111FE2700FDAFC7 /* Sources */ = {
			isa = PBXSourcesBuildPhase;
			buildActionMask = 2147483647;
			files = (
				F53751B12111FE2700FDAFC7 /* Tamkeen_AppUITests.m in Sources */,
			);
			runOnlyForDeploymentPostprocessing = 0;
		};
/* End PBXSourcesBuildPhase section */

/* Begin PBXTargetDependency section */
		F53751A32111FE2700FDAFC7 /* PBXTargetDependency */ = {
			isa = PBXTargetDependency;
			target = F53751882111FE2600FDAFC7 /* Tamkeen App */;
			targetProxy = F53751A22111FE2700FDAFC7 /* PBXContainerItemProxy */;
		};
		F53751AE2111FE2700FDAFC7 /* PBXTargetDependency */ = {
			isa = PBXTargetDependency;
			target = F53751882111FE2600FDAFC7 /* Tamkeen App */;
			targetProxy = F53751AD2111FE2700FDAFC7 /* PBXContainerItemProxy */;
		};
/* End PBXTargetDependency section */

/* Begin PBXVariantGroup section */
		F53751922111FE2600FDAFC7 /* Main.storyboard */ = {
			isa = PBXVariantGroup;
			children = (
				F53751932111FE2600FDAFC7 /* Base */,
			);
			name = Main.storyboard;
			sourceTree = "<group>";
		};
		F53751972111FE2700FDAFC7 /* LaunchScreen.storyboard */ = {
			isa = PBXVariantGroup;
			children = (
				F53751982111FE2700FDAFC7 /* Base */,
			);
			name = LaunchScreen.storyboard;
			sourceTree = "<group>";
		};
/* End PBXVariantGroup section */

/* Begin XCBuildConfiguration section */
		F53751B32111FE2700FDAFC7 /* Debug */ = {
			isa = XCBuildConfiguration;
			buildSettings = {
				ALWAYS_SEARCH_USER_PATHS = NO;
				CLANG_ANALYZER_NONNULL = YES;
				CLANG_ANALYZER_NUMBER_OBJECT_CONVERSION = YES_AGGRESSIVE;
				CLANG_CXX_LANGUAGE_STANDARD = "gnu++14";
				CLANG_CXX_LIBRARY = "libc++";
				CLANG_ENABLE_MODULES = YES;
				CLANG_ENABLE_OBJC_ARC = YES;
				CLANG_ENABLE_OBJC_WEAK = YES;
				CLANG_WARN_BLOCK_CAPTURE_AUTORELEASING = YES;
				CLANG_WARN_BOOL_CONVERSION = YES;
				CLANG_WARN_COMMA = YES;
				CLANG_WARN_CONSTANT_CONVERSION = YES;
				CLANG_WARN_DEPRECATED_OBJC_IMPLEMENTATIONS = YES;
				CLANG_WARN_DIRECT_OBJC_ISA_USAGE = YES_ERROR;
				CLANG_WARN_DOCUMENTATION_COMMENTS = YES;
				CLANG_WARN_EMPTY_BODY = YES;
				CLANG_WARN_ENUM_CONVERSION = YES;
				CLANG_WARN_INFINITE_RECURSION = YES;
				CLANG_WARN_INT_CONVERSION = YES;
				CLANG_WARN_NON_LITERAL_NULL_CONVERSION = YES;
				CLANG_WARN_OBJC_IMPLICIT_RETAIN_SELF = YES;
				CLANG_WARN_OBJC_LITERAL_CONVERSION = YES;
				CLANG_WARN_OBJC_ROOT_CLASS = YES_ERROR;
				CLANG_WARN_RANGE_LOOP_ANALYSIS = YES;
				CLANG_WARN_STRICT_PROTOTYPES = YES;
				CLANG_WARN_SUSPICIOUS_MOVE = YES;
				CLANG_WARN_UNGUARDED_AVAILABILITY = YES_AGGRESSIVE;
				CLANG_WARN_UNREACHABLE_CODE = YES;
				CLANG_WARN__DUPLICATE_METHOD_MATCH = YES;
				CODE_SIGN_IDENTITY = "iPhone Developer";
				COPY_PHASE_STRIP = NO;
				DEBUG_INFORMATION_FORMAT = dwarf;
				ENABLE_STRICT_OBJC_MSGSEND = YES;
				ENABLE_TESTABILITY = YES;
				GCC_C_LANGUAGE_STANDARD = gnu11;
				GCC_DYNAMIC_NO_PIC = NO;
				GCC_NO_COMMON_BLOCKS = YES;
				GCC_OPTIMIZATION_LEVEL = 0;
				GCC_PREPROCESSOR_DEFINITIONS = (
					"DEBUG=1",
					"$(inherited)",
				);
				GCC_WARN_64_TO_32_BIT_CONVERSION = YES;
				GCC_WARN_ABOUT_RETURN_TYPE = YES_ERROR;
				GCC_WARN_UNDECLARED_SELECTOR = YES;
				GCC_WARN_UNINITIALIZED_AUTOS = YES_AGGRESSIVE;
				GCC_WARN_UNUSED_FUNCTION = YES;
				GCC_WARN_UNUSED_VARIABLE = YES;
				IPHONEOS_DEPLOYMENT_TARGET = 11.4;
				MTL_ENABLE_DEBUG_INFO = YES;
				ONLY_ACTIVE_ARCH = YES;
				SDKROOT = iphoneos;
			};
			name = Debug;
		};
		F53751B42111FE2700FDAFC7 /* Release */ = {
			isa = XCBuildConfiguration;
			buildSettings = {
				ALWAYS_SEARCH_USER_PATHS = NO;
				CLANG_ANALYZER_NONNULL = YES;
				CLANG_ANALYZER_NUMBER_OBJECT_CONVERSION = YES_AGGRESSIVE;
				CLANG_CXX_LANGUAGE_STANDARD = "gnu++14";
				CLANG_CXX_LIBRARY = "libc++";
				CLANG_ENABLE_MODULES = YES;
				CLANG_ENABLE_OBJC_ARC = YES;
				CLANG_ENABLE_OBJC_WEAK = YES;
				CLANG_WARN_BLOCK_CAPTURE_AUTORELEASING = YES;
				CLANG_WARN_BOOL_CONVERSION = YES;
				CLANG_WARN_COMMA = YES;
				CLANG_WARN_CONSTANT_CONVERSION = YES;
				CLANG_WARN_DEPRECATED_OBJC_IMPLEMENTATIONS = YES;
				CLANG_WARN_DIRECT_OBJC_ISA_USAGE = YES_ERROR;
				CLANG_WARN_DOCUMENTATION_COMMENTS = YES;
				CLANG_WARN_EMPTY_BODY = YES;
				CLANG_WARN_ENUM_CONVERSION = YES;
				CLANG_WARN_INFINITE_RECURSION = YES;
				CLANG_WARN_INT_CONVERSION = YES;
				CLANG_WARN_NON_LITERAL_NULL_CONVERSION = YES;
				CLANG_WARN_OBJC_IMPLICIT_RETAIN_SELF = YES;
				CLANG_WARN_OBJC_LITERAL_CONVERSION = YES;
				CLANG_WARN_OBJC_ROOT_CLASS = YES_ERROR;
				CLANG_WARN_RANGE_LOOP_ANALYSIS = YES;
				CLANG_WARN_STRICT_PROTOTYPES = YES;
				CLANG_WARN_SUSPICIOUS_MOVE = YES;
				CLANG_WARN_UNGUARDED_AVAILABILITY = YES_AGGRESSIVE;
				CLANG_WARN_UNREACHABLE_CODE = YES;
				CLANG_WARN__DUPLICATE_METHOD_MATCH = YES;
				CODE_SIGN_IDENTITY = "iPhone Developer";
				COPY_PHASE_STRIP = NO;
				DEBUG_INFORMATION_FORMAT = "dwarf-with-dsym";
				ENABLE_NS_ASSERTIONS = NO;
				ENABLE_STRICT_OBJC_MSGSEND = YES;
				GCC_C_LANGUAGE_STANDARD = gnu11;
				GCC_NO_COMMON_BLOCKS = YES;
				GCC_WARN_64_TO_32_BIT_CONVERSION = YES;
				GCC_WARN_ABOUT_RETURN_TYPE = YES_ERROR;
				GCC_WARN_UNDECLARED_SELECTOR = YES;
				GCC_WARN_UNINITIALIZED_AUTOS = YES_AGGRESSIVE;
				GCC_WARN_UNUSED_FUNCTION = YES;
				GCC_WARN_UNUSED_VARIABLE = YES;
				IPHONEOS_DEPLOYMENT_TARGET = 11.4;
				MTL_ENABLE_DEBUG_INFO = NO;
				SDKROOT = iphoneos;
				VALIDATE_PRODUCT = YES;
			};
			name = Release;
		};
		F53751B62111FE2700FDAFC7 /* Debug */ = {
			isa = XCBuildConfiguration;
			baseConfigurationReference = 535F53006B2F9257B721F310 /* Pods-Tamkeen App.debug.xcconfig */;
			buildSettings = {
				ASSETCATALOG_COMPILER_APPICON_NAME = AppIcon;
				CODE_SIGN_STYLE = Automatic;
				DEVELOPMENT_TEAM = MKS49DN993;
				INFOPLIST_FILE = "Tamkeen App/Info.plist";
				LD_RUNPATH_SEARCH_PATHS = (
					"$(inherited)",
					"@executable_path/Frameworks",
				);
				PRODUCT_BUNDLE_IDENTIFIER = "Test.Tamkeen-App";
				PRODUCT_NAME = "$(TARGET_NAME)";
				TARGETED_DEVICE_FAMILY = "1,2";
			};
			name = Debug;
		};
		F53751B72111FE2700FDAFC7 /* Release */ = {
			isa = XCBuildConfiguration;
			baseConfigurationReference = BD1ED00B5698D581CBDDDB2D /* Pods-Tamkeen App.release.xcconfig */;
			buildSettings = {
				ASSETCATALOG_COMPILER_APPICON_NAME = AppIcon;
				CODE_SIGN_STYLE = Automatic;
				DEVELOPMENT_TEAM = MKS49DN993;
				INFOPLIST_FILE = "Tamkeen App/Info.plist";
				LD_RUNPATH_SEARCH_PATHS = (
					"$(inherited)",
					"@executable_path/Frameworks",
				);
				PRODUCT_BUNDLE_IDENTIFIER = "Test.Tamkeen-App";
				PRODUCT_NAME = "$(TARGET_NAME)";
				TARGETED_DEVICE_FAMILY = "1,2";
			};
			name = Release;
		};
		F53751B92111FE2700FDAFC7 /* Debug */ = {
			isa = XCBuildConfiguration;
			buildSettings = {
				BUNDLE_LOADER = "$(TEST_HOST)";
				CODE_SIGN_STYLE = Automatic;
				INFOPLIST_FILE = "Tamkeen AppTests/Info.plist";
				LD_RUNPATH_SEARCH_PATHS = (
					"$(inherited)",
					"@executable_path/Frameworks",
					"@loader_path/Frameworks",
				);
				PRODUCT_BUNDLE_IDENTIFIER = "Test.Tamkeen-AppTests";
				PRODUCT_NAME = "$(TARGET_NAME)";
				TARGETED_DEVICE_FAMILY = "1,2";
				TEST_HOST = "$(BUILT_PRODUCTS_DIR)/Tamkeen App.app/Tamkeen App";
			};
			name = Debug;
		};
		F53751BA2111FE2700FDAFC7 /* Release */ = {
			isa = XCBuildConfiguration;
			buildSettings = {
				BUNDLE_LOADER = "$(TEST_HOST)";
				CODE_SIGN_STYLE = Automatic;
				INFOPLIST_FILE = "Tamkeen AppTests/Info.plist";
				LD_RUNPATH_SEARCH_PATHS = (
					"$(inherited)",
					"@executable_path/Frameworks",
					"@loader_path/Frameworks",
				);
				PRODUCT_BUNDLE_IDENTIFIER = "Test.Tamkeen-AppTests";
				PRODUCT_NAME = "$(TARGET_NAME)";
				TARGETED_DEVICE_FAMILY = "1,2";
				TEST_HOST = "$(BUILT_PRODUCTS_DIR)/Tamkeen App.app/Tamkeen App";
			};
			name = Release;
		};
		F53751BC2111FE2700FDAFC7 /* Debug */ = {
			isa = XCBuildConfiguration;
			buildSettings = {
				CODE_SIGN_STYLE = Automatic;
				INFOPLIST_FILE = "Tamkeen AppUITests/Info.plist";
				LD_RUNPATH_SEARCH_PATHS = (
					"$(inherited)",
					"@executable_path/Frameworks",
					"@loader_path/Frameworks",
				);
				PRODUCT_BUNDLE_IDENTIFIER = "Test.Tamkeen-AppUITests";
				PRODUCT_NAME = "$(TARGET_NAME)";
				TARGETED_DEVICE_FAMILY = "1,2";
				TEST_TARGET_NAME = "Tamkeen App";
			};
			name = Debug;
		};
		F53751BD2111FE2700FDAFC7 /* Release */ = {
			isa = XCBuildConfiguration;
			buildSettings = {
				CODE_SIGN_STYLE = Automatic;
				INFOPLIST_FILE = "Tamkeen AppUITests/Info.plist";
				LD_RUNPATH_SEARCH_PATHS = (
					"$(inherited)",
					"@executable_path/Frameworks",
					"@loader_path/Frameworks",
				);
				PRODUCT_BUNDLE_IDENTIFIER = "Test.Tamkeen-AppUITests";
				PRODUCT_NAME = "$(TARGET_NAME)";
				TARGETED_DEVICE_FAMILY = "1,2";
				TEST_TARGET_NAME = "Tamkeen App";
			};
			name = Release;
		};
/* End XCBuildConfiguration section */

/* Begin XCConfigurationList section */
		F53751842111FE2500FDAFC7 /* Build configuration list for PBXProject "Makkyah" */ = {
			isa = XCConfigurationList;
			buildConfigurations = (
				F53751B32111FE2700FDAFC7 /* Debug */,
				F53751B42111FE2700FDAFC7 /* Release */,
			);
			defaultConfigurationIsVisible = 0;
			defaultConfigurationName = Release;
		};
		F53751B52111FE2700FDAFC7 /* Build configuration list for PBXNativeTarget "Tamkeen App" */ = {
			isa = XCConfigurationList;
			buildConfigurations = (
				F53751B62111FE2700FDAFC7 /* Debug */,
				F53751B72111FE2700FDAFC7 /* Release */,
			);
			defaultConfigurationIsVisible = 0;
			defaultConfigurationName = Release;
		};
		F53751B82111FE2700FDAFC7 /* Build configuration list for PBXNativeTarget "Tamkeen AppTests" */ = {
			isa = XCConfigurationList;
			buildConfigurations = (
				F53751B92111FE2700FDAFC7 /* Debug */,
				F53751BA2111FE2700FDAFC7 /* Release */,
			);
			defaultConfigurationIsVisible = 0;
			defaultConfigurationName = Release;
		};
		F53751BB2111FE2700FDAFC7 /* Build configuration list for PBXNativeTarget "Tamkeen AppUITests" */ = {
			isa = XCConfigurationList;
			buildConfigurations = (
				F53751BC2111FE2700FDAFC7 /* Debug */,
				F53751BD2111FE2700FDAFC7 /* Release */,
			);
			defaultConfigurationIsVisible = 0;
			defaultConfigurationName = Release;
		};
/* End XCConfigurationList section */
	};
	rootObject = F53751812111FE2500FDAFC7 /* Project object */;
}
